
Microsoft Visual Studio Solution File, Format Version 12.00
# Visual Studio Version 16
VisualStudioVersion = 16.0.33920.266
MinimumVisualStudioVersion = 10.0.40219.1
Project("{FAE04EC0-301F-11D3-BF4B-00C04F79EFBC}") = "HotelManager", "HotelManager\HotelManager.csproj", "{58E0D1CC-8E96-43C2-8E6B-5313FD59EA6C}"
EndProject
Global
	GlobalSection(SolutionConfigurationPlatforms) = preSolution
		Debug|Any CPU = Debug|Any CPU
		Release|Any CPU = Release|Any CPU
	EndGlobalSection
	GlobalSection(ProjectConfigurationPlatforms) = postSolution
		{58E0D1CC-8E96-43C2-8E6B-5313FD59EA6C}.Debug|Any CPU.ActiveCfg = Debug|Any CPU
		{58E0D1CC-8E96-43C2-8E6B-5313FD59EA6C}.Debug|Any CPU.Build.0 = Debug|Any CPU
		{58E0D1CC-8E96-43C2-8E6B-5313FD59EA6C}.Release|Any CPU.ActiveCfg = Release|Any CPU
		{58E0D1CC-8E96-43C2-8E6B-5313FD59EA6C}.Release|Any CPU.Build.0 = Release|Any CPU
	EndGlobalSection
	GlobalSection(SolutionProperties) = preSolution
		HideSolutionNode = FALSE
	EndGlobalSection
	GlobalSection(ExtensibilityGlobals) = postSolution
		SolutionGuid = {182BDE0E-8AC0-4301-A85A-259C6DFA2598}
	EndGlobalSection
EndGlobal
